
Microsoft Visual Studio Solution File, Format Version 12.00
# Visual Studio Version 17
VisualStudioVersion = 17.0.31903.59
MinimumVisualStudioVersion = 10.0.40219.1
Project("{FAE04EC0-301F-11D3-BF4B-00C04F79EFBC}") = "Del3 Övningar", "Del3 Övningar\Del3 Övningar.csproj", "{612534CC-9ABC-4341-AC5C-08C26BE1A79C}"
EndProject
Global
	GlobalSection(SolutionConfigurationPlatforms) = preSolution
		Debug|Any CPU = Debug|Any CPU
		Release|Any CPU = Release|Any CPU
	EndGlobalSection
	GlobalSection(SolutionProperties) = preSolution
		HideSolutionNode = FALSE
	EndGlobalSection
	GlobalSection(ProjectConfigurationPlatforms) = postSolution
		{612534CC-9ABC-4341-AC5C-08C26BE1A79C}.Debug|Any CPU.ActiveCfg = Debug|Any CPU
		{612534CC-9ABC-4341-AC5C-08C26BE1A79C}.Debug|Any CPU.Build.0 = Debug|Any CPU
		{612534CC-9ABC-4341-AC5C-08C26BE1A79C}.Release|Any CPU.ActiveCfg = Release|Any CPU
		{612534CC-9ABC-4341-AC5C-08C26BE1A79C}.Release|Any CPU.Build.0 = Release|Any CPU
	EndGlobalSection
EndGlobal
